
Microsoft Visual Studio Solution File, Format Version 11.00
# Visual Studio 2010
Project("{FAE04EC0-301F-11D3-BF4B-00C04F79EFBC}") = "mikpo3", "mikpo3\mikpo3.csproj", "{BD0212BE-45B5-4E7B-A841-DF8F5DE7F721}"
EndProject
Project("{FAE04EC0-301F-11D3-BF4B-00C04F79EFBC}") = "funcTest", "funcTest\funcTest.csproj", "{EB2D31ED-8B62-4275-816A-ECE2128B4723}"
EndProject
Global
	GlobalSection(TestCaseManagementSettings) = postSolution
		CategoryFile = mikpo3.vsmdi
	EndGlobalSection
	GlobalSection(SolutionConfigurationPlatforms) = preSolution
		Debug|Any CPU = Debug|Any CPU
		Debug|Mixed Platforms = Debug|Mixed Platforms
		Debug|x86 = Debug|x86
		Release|Any CPU = Release|Any CPU
		Release|Mixed Platforms = Release|Mixed Platforms
		Release|x86 = Release|x86
	EndGlobalSection
	GlobalSection(ProjectConfigurationPlatforms) = postSolution
		{BD0212BE-45B5-4E7B-A841-DF8F5DE7F721}.Debug|Any CPU.ActiveCfg = Debug|x86
		{BD0212BE-45B5-4E7B-A841-DF8F5DE7F721}.Debug|Mixed Platforms.ActiveCfg = Debug|x86
		{BD0212BE-45B5-4E7B-A841-DF8F5DE7F721}.Debug|Mixed Platforms.Build.0 = Debug|x86
		{BD0212BE-45B5-4E7B-A841-DF8F5DE7F721}.Debug|x86.ActiveCfg = Debug|x86
		{BD0212BE-45B5-4E7B-A841-DF8F5DE7F721}.Debug|x86.Build.0 = Debug|x86
		{BD0212BE-45B5-4E7B-A841-DF8F5DE7F721}.Release|Any CPU.ActiveCfg = Release|x86
		{BD0212BE-45B5-4E7B-A841-DF8F5DE7F721}.Release|Mixed Platforms.ActiveCfg = Release|x86
		{BD0212BE-45B5-4E7B-A841-DF8F5DE7F721}.Release|Mixed Platforms.Build.0 = Release|x86
		{BD0212BE-45B5-4E7B-A841-DF8F5DE7F721}.Release|x86.ActiveCfg = Release|x86
		{BD0212BE-45B5-4E7B-A841-DF8F5DE7F721}.Release|x86.Build.0 = Release|x86
		{EB2D31ED-8B62-4275-816A-ECE2128B4723}.Debug|Any CPU.ActiveCfg = Debug|x86
		{EB2D31ED-8B62-4275-816A-ECE2128B4723}.Debug|Mixed Platforms.ActiveCfg = Debug|x86
		{EB2D31ED-8B62-4275-816A-ECE2128B4723}.Debug|Mixed Platforms.Build.0 = Debug|x86
		{EB2D31ED-8B62-4275-816A-ECE2128B4723}.Debug|x86.ActiveCfg = Debug|x86
		{EB2D31ED-8B62-4275-816A-ECE2128B4723}.Debug|x86.Build.0 = Debug|x86
		{EB2D31ED-8B62-4275-816A-ECE2128B4723}.Release|Any CPU.ActiveCfg = Release|x86
		{EB2D31ED-8B62-4275-816A-ECE2128B4723}.Release|Mixed Platforms.ActiveCfg = Release|x86
		{EB2D31ED-8B62-4275-816A-ECE2128B4723}.Release|Mixed Platforms.Build.0 = Release|x86
		{EB2D31ED-8B62-4275-816A-ECE2128B4723}.Release|x86.ActiveCfg = Release|x86
		{EB2D31ED-8B62-4275-816A-ECE2128B4723}.Release|x86.Build.0 = Release|x86
	EndGlobalSection
	GlobalSection(SolutionProperties) = preSolution
		HideSolutionNode = FALSE
	EndGlobalSection
EndGlobal
